
Microsoft Visual Studio Solution File, Format Version 12.00
# Visual Studio Version 16
VisualStudioVersion = 16.0.32602.291
MinimumVisualStudioVersion = 10.0.40219.1
Project("{8BC9CEB8-8B4A-11D0-8D11-00A0C91BC942}") = "gst-klv-decode", "gst-klv-test\gst-klv-test.vcxproj", "{AED1BDBE-AEED-411F-ADB4-A8A4A2BB5D75}"
EndProject
Project("{8BC9CEB8-8B4A-11D0-8D11-00A0C91BC942}") = "misbcore-test", "misbcore-test\misbcore-test.vcxproj", "{F80CEEFA-B750-4492-AF16-EA23A8B931F9}"
EndProject
Global
	GlobalSection(SolutionConfigurationPlatforms) = preSolution
		Debug|x64 = Debug|x64
		Release|x64 = Release|x64
	EndGlobalSection
	GlobalSection(ProjectConfigurationPlatforms) = postSolution
		{AED1BDBE-AEED-411F-ADB4-A8A4A2BB5D75}.Debug|x64.ActiveCfg = Debug|x64
		{AED1BDBE-AEED-411F-ADB4-A8A4A2BB5D75}.Debug|x64.Build.0 = Debug|x64
		{AED1BDBE-AEED-411F-ADB4-A8A4A2BB5D75}.Release|x64.ActiveCfg = Release|x64
		{AED1BDBE-AEED-411F-ADB4-A8A4A2BB5D75}.Release|x64.Build.0 = Release|x64
		{F80CEEFA-B750-4492-AF16-EA23A8B931F9}.Debug|x64.ActiveCfg = Debug|x64
		{F80CEEFA-B750-4492-AF16-EA23A8B931F9}.Debug|x64.Build.0 = Debug|x64
		{F80CEEFA-B750-4492-AF16-EA23A8B931F9}.Release|x64.ActiveCfg = Release|x64
		{F80CEEFA-B750-4492-AF16-EA23A8B931F9}.Release|x64.Build.0 = Release|x64
	EndGlobalSection
	GlobalSection(SolutionProperties) = preSolution
		HideSolutionNode = FALSE
	EndGlobalSection
	GlobalSection(ExtensibilityGlobals) = postSolution
		SolutionGuid = {982FDDAA-7B9E-4219-82EC-89C097859306}
	EndGlobalSection
EndGlobal
